
Microsoft Visual Studio Solution File, Format Version 11.00
# Visual Studio 2010
Project("{FAE04EC0-301F-11D3-BF4B-00C04F79EFBC}") = "SaltadorInfinito", "Assembly-CSharp.csproj", "{EE825D38-95E1-E520-F0DD-3DC0E3B433E6}"
EndProject
Global
	GlobalSection(SolutionConfigurationPlatforms) = preSolution
		Debug|Any CPU = Debug|Any CPU
		Release|Any CPU = Release|Any CPU
	EndGlobalSection
	GlobalSection(ProjectConfigurationPlatforms) = postSolution
		{EE825D38-95E1-E520-F0DD-3DC0E3B433E6}.Debug|Any CPU.ActiveCfg = Debug|Any CPU
		{EE825D38-95E1-E520-F0DD-3DC0E3B433E6}.Debug|Any CPU.Build.0 = Debug|Any CPU
		{EE825D38-95E1-E520-F0DD-3DC0E3B433E6}.Release|Any CPU.ActiveCfg = Release|Any CPU
		{EE825D38-95E1-E520-F0DD-3DC0E3B433E6}.Release|Any CPU.Build.0 = Release|Any CPU
	EndGlobalSection
	GlobalSection(SolutionProperties) = preSolution
		HideSolutionNode = FALSE
	EndGlobalSection
	GlobalSection(MonoDevelopProperties) = preSolution
		StartupItem = Assembly-CSharp.csproj
	EndGlobalSection
EndGlobal
